
Microsoft Visual Studio Solution File, Format Version 12.00
# Visual Studio Version 16
VisualStudioVersion = 16.0.30225.117
MinimumVisualStudioVersion = 10.0.40219.1
Project("{FAE04EC0-301F-11D3-BF4B-00C04F79EFBC}") = "OOP3", "OOP3\OOP3.csproj", "{B4B1C496-D613-4CFF-B29D-B1C8A1D70867}"
EndProject
Global
	GlobalSection(SolutionConfigurationPlatforms) = preSolution
		Debug|Any CPU = Debug|Any CPU
		Release|Any CPU = Release|Any CPU
	EndGlobalSection
	GlobalSection(ProjectConfigurationPlatforms) = postSolution
		{B4B1C496-D613-4CFF-B29D-B1C8A1D70867}.Debug|Any CPU.ActiveCfg = Debug|Any CPU
		{B4B1C496-D613-4CFF-B29D-B1C8A1D70867}.Debug|Any CPU.Build.0 = Debug|Any CPU
		{B4B1C496-D613-4CFF-B29D-B1C8A1D70867}.Release|Any CPU.ActiveCfg = Release|Any CPU
		{B4B1C496-D613-4CFF-B29D-B1C8A1D70867}.Release|Any CPU.Build.0 = Release|Any CPU
	EndGlobalSection
	GlobalSection(SolutionProperties) = preSolution
		HideSolutionNode = FALSE
	EndGlobalSection
	GlobalSection(ExtensibilityGlobals) = postSolution
		SolutionGuid = {DF8D6686-E055-4F56-B288-5E646DAC06BB}
	EndGlobalSection
EndGlobal
